
Microsoft Visual Studio Solution File, Format Version 12.00
# Visual Studio 15
VisualStudioVersion = 15.0.28307.329
MinimumVisualStudioVersion = 10.0.40219.1
Project("{FAE04EC0-301F-11D3-BF4B-00C04F79EFBC}") = "Weibo.Forms.Android", "Weibo.Forms\Weibo.Forms.Android\Weibo.Forms.Android.csproj", "{3F81EF9D-405F-4F74-AF87-7305FCB83B01}"
EndProject
Project("{FAE04EC0-301F-11D3-BF4B-00C04F79EFBC}") = "Weibo.Forms.iOS", "Weibo.Forms\Weibo.Forms.iOS\Weibo.Forms.iOS.csproj", "{D7110B2E-82DE-4562-B8F4-178EE5A81A39}"
EndProject
Project("{FAE04EC0-301F-11D3-BF4B-00C04F79EFBC}") = "Weibo.Forms.UWP", "Weibo.Forms\Weibo.Forms.UWP\Weibo.Forms.UWP.csproj", "{72D04842-B92E-412A-9F9E-9BB4BC183006}"
EndProject
Project("{FAE04EC0-301F-11D3-BF4B-00C04F79EFBC}") = "Weibo.Forms", "Weibo.Forms\Weibo.Forms\Weibo.Forms.csproj", "{1C0E02B9-895E-4622-B97D-5803828F284D}"
EndProject
Global
	GlobalSection(SolutionConfigurationPlatforms) = preSolution
		Ad-Hoc|Any CPU = Ad-Hoc|Any CPU
		Ad-Hoc|ARM = Ad-Hoc|ARM
		Ad-Hoc|iPhone = Ad-Hoc|iPhone
		Ad-Hoc|iPhoneSimulator = Ad-Hoc|iPhoneSimulator
		Ad-Hoc|x64 = Ad-Hoc|x64
		Ad-Hoc|x86 = Ad-Hoc|x86
		AppStore|Any CPU = AppStore|Any CPU
		AppStore|ARM = AppStore|ARM
		AppStore|iPhone = AppStore|iPhone
		AppStore|iPhoneSimulator = AppStore|iPhoneSimulator
		AppStore|x64 = AppStore|x64
		AppStore|x86 = AppStore|x86
		Debug|Any CPU = Debug|Any CPU
		Debug|ARM = Debug|ARM
		Debug|iPhone = Debug|iPhone
		Debug|iPhoneSimulator = Debug|iPhoneSimulator
		Debug|x64 = Debug|x64
		Debug|x86 = Debug|x86
		Release|Any CPU = Release|Any CPU
		Release|ARM = Release|ARM
		Release|iPhone = Release|iPhone
		Release|iPhoneSimulator = Release|iPhoneSimulator
		Release|x64 = Release|x64
		Release|x86 = Release|x86
	EndGlobalSection
	GlobalSection(ProjectConfigurationPlatforms) = postSolution
		{3F81EF9D-405F-4F74-AF87-7305FCB83B01}.Ad-Hoc|Any CPU.ActiveCfg = Release|Any CPU
		{3F81EF9D-405F-4F74-AF87-7305FCB83B01}.Ad-Hoc|Any CPU.Build.0 = Release|Any CPU
		{3F81EF9D-405F-4F74-AF87-7305FCB83B01}.Ad-Hoc|Any CPU.Deploy.0 = Release|Any CPU
		{3F81EF9D-405F-4F74-AF87-7305FCB83B01}.Ad-Hoc|ARM.ActiveCfg = Release|Any CPU
		{3F81EF9D-405F-4F74-AF87-7305FCB83B01}.Ad-Hoc|ARM.Build.0 = Release|Any CPU
		{3F81EF9D-405F-4F74-AF87-7305FCB83B01}.Ad-Hoc|ARM.Deploy.0 = Release|Any CPU
		{3F81EF9D-405F-4F74-AF87-7305FCB83B01}.Ad-Hoc|iPhone.ActiveCfg = Release|Any CPU
		{3F81EF9D-405F-4F74-AF87-7305FCB83B01}.Ad-Hoc|iPhone.Build.0 = Release|Any CPU
		{3F81EF9D-405F-4F74-AF87-7305FCB83B01}.Ad-Hoc|iPhone.Deploy.0 = Release|Any CPU
		{3F81EF9D-405F-4F74-AF87-7305FCB83B01}.Ad-Hoc|iPhoneSimulator.ActiveCfg = Release|Any CPU
		{3F81EF9D-405F-4F74-AF87-7305FCB83B01}.Ad-Hoc|iPhoneSimulator.Build.0 = Release|Any CPU
		{3F81EF9D-405F-4F74-AF87-7305FCB83B01}.Ad-Hoc|iPhoneSimulator.Deploy.0 = Release|Any CPU
		{3F81EF9D-405F-4F74-AF87-7305FCB83B01}.Ad-Hoc|x64.ActiveCfg = Release|Any CPU
		{3F81EF9D-405F-4F74-AF87-7305FCB83B01}.Ad-Hoc|x64.Build.0 = Release|Any CPU
		{3F81EF9D-405F-4F74-AF87-7305FCB83B01}.Ad-Hoc|x64.Deploy.0 = Release|Any CPU
		{3F81EF9D-405F-4F74-AF87-7305FCB83B01}.Ad-Hoc|x86.ActiveCfg = Release|Any CPU
		{3F81EF9D-405F-4F74-AF87-7305FCB83B01}.Ad-Hoc|x86.Build.0 = Release|Any CPU
		{3F81EF9D-405F-4F74-AF87-7305FCB83B01}.Ad-Hoc|x86.Deploy.0 = Release|Any CPU
		{3F81EF9D-405F-4F74-AF87-7305FCB83B01}.AppStore|Any CPU.ActiveCfg = Release|Any CPU
		{3F81EF9D-405F-4F74-AF87-7305FCB83B01}.AppStore|Any CPU.Build.0 = Release|Any CPU
		{3F81EF9D-405F-4F74-AF87-7305FCB83B01}.AppStore|Any CPU.Deploy.0 = Release|Any CPU
		{3F81EF9D-405F-4F74-AF87-7305FCB83B01}.AppStore|ARM.ActiveCfg = Release|Any CPU
		{3F81EF9D-405F-4F74-AF87-7305FCB83B01}.AppStore|ARM.Build.0 = Release|Any CPU
		{3F81EF9D-405F-4F74-AF87-7305FCB83B01}.AppStore|ARM.Deploy.0 = Release|Any CPU
		{3F81EF9D-405F-4F74-AF87-7305FCB83B01}.AppStore|iPhone.ActiveCfg = Release|Any CPU
		{3F81EF9D-405F-4F74-AF87-7305FCB83B01}.AppStore|iPhone.Build.0 = Release|Any CPU
		{3F81EF9D-405F-4F74-AF87-7305FCB83B01}.AppStore|iPhone.Deploy.0 = Release|Any CPU
		{3F81EF9D-405F-4F74-AF87-7305FCB83B01}.AppStore|iPhoneSimulator.ActiveCfg = Release|Any CPU
		{3F81EF9D-405F-4F74-AF87-7305FCB83B01}.AppStore|iPhoneSimulator.Build.0 = Release|Any CPU
		{3F81EF9D-405F-4F74-AF87-7305FCB83B01}.AppStore|iPhoneSimulator.Deploy.0 = Release|Any CPU
		{3F81EF9D-405F-4F74-AF87-7305FCB83B01}.AppStore|x64.ActiveCfg = Release|Any CPU
		{3F81EF9D-405F-4F74-AF87-7305FCB83B01}.AppStore|x64.Build.0 = Release|Any CPU
		{3F81EF9D-405F-4F74-AF87-7305FCB83B01}.AppStore|x64.Deploy.0 = Release|Any CPU
		{3F81EF9D-405F-4F74-AF87-7305FCB83B01}.AppStore|x86.ActiveCfg = Release|Any CPU
		{3F81EF9D-405F-4F74-AF87-7305FCB83B01}.AppStore|x86.Build.0 = Release|Any CPU
		{3F81EF9D-405F-4F74-AF87-7305FCB83B01}.AppStore|x86.Deploy.0 = Release|Any CPU
		{3F81EF9D-405F-4F74-AF87-7305FCB83B01}.Debug|Any CPU.ActiveCfg = Debug|Any CPU
		{3F81EF9D-405F-4F74-AF87-7305FCB83B01}.Debug|Any CPU.Build.0 = Debug|Any CPU
		{3F81EF9D-405F-4F74-AF87-7305FCB83B01}.Debug|Any CPU.Deploy.0 = Debug|Any CPU
		{3F81EF9D-405F-4F74-AF87-7305FCB83B01}.Debug|ARM.ActiveCfg = Debug|Any CPU
		{3F81EF9D-405F-4F74-AF87-7305FCB83B01}.Debug|ARM.Build.0 = Debug|Any CPU
		{3F81EF9D-405F-4F74-AF87-7305FCB83B01}.Debug|ARM.Deploy.0 = Debug|Any CPU
		{3F81EF9D-405F-4F74-AF87-7305FCB83B01}.Debug|iPhone.ActiveCfg = Debug|Any CPU
		{3F81EF9D-405F-4F74-AF87-7305FCB83B01}.Debug|iPhone.Build.0 = Debug|Any CPU
		{3F81EF9D-405F-4F74-AF87-7305FCB83B01}.Debug|iPhone.Deploy.0 = Debug|Any CPU
		{3F81EF9D-405F-4F74-AF87-7305FCB83B01}.Debug|iPhoneSimulator.ActiveCfg = Debug|Any CPU
		{3F81EF9D-405F-4F74-AF87-7305FCB83B01}.Debug|iPhoneSimulator.Build.0 = Debug|Any CPU
		{3F81EF9D-405F-4F74-AF87-7305FCB83B01}.Debug|iPhoneSimulator.Deploy.0 = Debug|Any CPU
		{3F81EF9D-405F-4F74-AF87-7305FCB83B01}.Debug|x64.ActiveCfg = Debug|Any CPU
		{3F81EF9D-405F-4F74-AF87-7305FCB83B01}.Debug|x64.Build.0 = Debug|Any CPU
		{3F81EF9D-405F-4F74-AF87-7305FCB83B01}.Debug|x64.Deploy.0 = Debug|Any CPU
		{3F81EF9D-405F-4F74-AF87-7305FCB83B01}.Debug|x86.ActiveCfg = Debug|Any CPU
		{3F81EF9D-405F-4F74-AF87-7305FCB83B01}.Debug|x86.Build.0 = Debug|Any CPU
		{3F81EF9D-405F-4F74-AF87-7305FCB83B01}.Debug|x86.Deploy.0 = Debug|Any CPU
		{3F81EF9D-405F-4F74-AF87-7305FCB83B01}.Release|Any CPU.ActiveCfg = Release|Any CPU
		{3F81EF9D-405F-4F74-AF87-7305FCB83B01}.Release|Any CPU.Build.0 = Release|Any CPU
		{3F81EF9D-405F-4F74-AF87-7305FCB83B01}.Release|Any CPU.Deploy.0 = Release|Any CPU
		{3F81EF9D-405F-4F74-AF87-7305FCB83B01}.Release|ARM.ActiveCfg = Release|Any CPU
		{3F81EF9D-405F-4F74-AF87-7305FCB83B01}.Release|ARM.Build.0 = Release|Any CPU
		{3F81EF9D-405F-4F74-AF87-7305FCB83B01}.Release|ARM.Deploy.0 = Release|Any CPU
		{3F81EF9D-405F-4F74-AF87-7305FCB83B01}.Release|iPhone.ActiveCfg = Release|Any CPU
		{3F81EF9D-405F-4F74-AF87-7305FCB83B01}.Release|iPhone.Build.0 = Release|Any CPU
		{3F81EF9D-405F-4F74-AF87-7305FCB83B01}.Release|iPhone.Deploy.0 = Release|Any CPU
		{3F81EF9D-405F-4F74-AF87-7305FCB83B01}.Release|iPhoneSimulator.ActiveCfg = Release|Any CPU
		{3F81EF9D-405F-4F74-AF87-7305FCB83B01}.Release|iPhoneSimulator.Build.0 = Release|Any CPU
		{3F81EF9D-405F-4F74-AF87-7305FCB83B01}.Release|iPhoneSimulator.Deploy.0 = Release|Any CPU
		{3F81EF9D-405F-4F74-AF87-7305FCB83B01}.Release|x64.ActiveCfg = Release|Any CPU
		{3F81EF9D-405F-4F74-AF87-7305FCB83B01}.Release|x64.Build.0 = Release|Any CPU
		{3F81EF9D-405F-4F74-AF87-7305FCB83B01}.Release|x64.Deploy.0 = Release|Any CPU
		{3F81EF9D-405F-4F74-AF87-7305FCB83B01}.Release|x86.ActiveCfg = Release|Any CPU
		{3F81EF9D-405F-4F74-AF87-7305FCB83B01}.Release|x86.Build.0 = Release|Any CPU
		{3F81EF9D-405F-4F74-AF87-7305FCB83B01}.Release|x86.Deploy.0 = Release|Any CPU
		{D7110B2E-82DE-4562-B8F4-178EE5A81A39}.Ad-Hoc|Any CPU.ActiveCfg = Ad-Hoc|iPhone
		{D7110B2E-82DE-4562-B8F4-178EE5A81A39}.Ad-Hoc|Any CPU.Build.0 = Ad-Hoc|iPhone
		{D7110B2E-82DE-4562-B8F4-178EE5A81A39}.Ad-Hoc|Any CPU.Deploy.0 = Ad-Hoc|iPhone
		{D7110B2E-82DE-4562-B8F4-178EE5A81A39}.Ad-Hoc|ARM.ActiveCfg = Ad-Hoc|iPhone
		{D7110B2E-82DE-4562-B8F4-178EE5A81A39}.Ad-Hoc|ARM.Build.0 = Ad-Hoc|iPhone
		{D7110B2E-82DE-4562-B8F4-178EE5A81A39}.Ad-Hoc|ARM.Deploy.0 = Ad-Hoc|iPhone
		{D7110B2E-82DE-4562-B8F4-178EE5A81A39}.Ad-Hoc|iPhone.ActiveCfg = Ad-Hoc|iPhone
		{D7110B2E-82DE-4562-B8F4-178EE5A81A39}.Ad-Hoc|iPhone.Build.0 = Ad-Hoc|iPhone
		{D7110B2E-82DE-4562-B8F4-178EE5A81A39}.Ad-Hoc|iPhone.Deploy.0 = Ad-Hoc|iPhone
		{D7110B2E-82DE-4562-B8F4-178EE5A81A39}.Ad-Hoc|iPhoneSimulator.ActiveCfg = Ad-Hoc|iPhoneSimulator
		{D7110B2E-82DE-4562-B8F4-178EE5A81A39}.Ad-Hoc|iPhoneSimulator.Build.0 = Ad-Hoc|iPhoneSimulator
		{D7110B2E-82DE-4562-B8F4-178EE5A81A39}.Ad-Hoc|iPhoneSimulator.Deploy.0 = Ad-Hoc|iPhoneSimulator
		{D7110B2E-82DE-4562-B8F4-178EE5A81A39}.Ad-Hoc|x64.ActiveCfg = Ad-Hoc|iPhone
		{D7110B2E-82DE-4562-B8F4-178EE5A81A39}.Ad-Hoc|x64.Build.0 = Ad-Hoc|iPhone
		{D7110B2E-82DE-4562-B8F4-178EE5A81A39}.Ad-Hoc|x64.Deploy.0 = Ad-Hoc|iPhone
		{D7110B2E-82DE-4562-B8F4-178EE5A81A39}.Ad-Hoc|x86.ActiveCfg = Ad-Hoc|iPhone
		{D7110B2E-82DE-4562-B8F4-178EE5A81A39}.Ad-Hoc|x86.Build.0 = Ad-Hoc|iPhone
		{D7110B2E-82DE-4562-B8F4-178EE5A81A39}.Ad-Hoc|x86.Deploy.0 = Ad-Hoc|iPhone
		{D7110B2E-82DE-4562-B8F4-178EE5A81A39}.AppStore|Any CPU.ActiveCfg = AppStore|iPhone
		{D7110B2E-82DE-4562-B8F4-178EE5A81A39}.AppStore|Any CPU.Build.0 = AppStore|iPhone
		{D7110B2E-82DE-4562-B8F4-178EE5A81A39}.AppStore|Any CPU.Deploy.0 = AppStore|iPhone
		{D7110B2E-82DE-4562-B8F4-178EE5A81A39}.AppStore|ARM.ActiveCfg = AppStore|iPhone
		{D7110B2E-82DE-4562-B8F4-178EE5A81A39}.AppStore|ARM.Build.0 = AppStore|iPhone
		{D7110B2E-82DE-4562-B8F4-178EE5A81A39}.AppStore|ARM.Deploy.0 = AppStore|iPhone
		{D7110B2E-82DE-4562-B8F4-178EE5A81A39}.AppStore|iPhone.ActiveCfg = AppStore|iPhone
		{D7110B2E-82DE-4562-B8F4-178EE5A81A39}.AppStore|iPhone.Build.0 = AppStore|iPhone
		{D7110B2E-82DE-4562-B8F4-178EE5A81A39}.AppStore|iPhone.Deploy.0 = AppStore|iPhone
		{D7110B2E-82DE-4562-B8F4-178EE5A81A39}.AppStore|iPhoneSimulator.ActiveCfg = AppStore|iPhoneSimulator
		{D7110B2E-82DE-4562-B8F4-178EE5A81A39}.AppStore|iPhoneSimulator.Build.0 = AppStore|iPhoneSimulator
		{D7110B2E-82DE-4562-B8F4-178EE5A81A39}.AppStore|iPhoneSimulator.Deploy.0 = AppStore|iPhoneSimulator
		{D7110B2E-82DE-4562-B8F4-178EE5A81A39}.AppStore|x64.ActiveCfg = AppStore|iPhone
		{D7110B2E-82DE-4562-B8F4-178EE5A81A39}.AppStore|x64.Build.0 = AppStore|iPhone
		{D7110B2E-82DE-4562-B8F4-178EE5A81A39}.AppStore|x64.Deploy.0 = AppStore|iPhone
		{D7110B2E-82DE-4562-B8F4-178EE5A81A39}.AppStore|x86.ActiveCfg = AppStore|iPhone
		{D7110B2E-82DE-4562-B8F4-178EE5A81A39}.AppStore|x86.Build.0 = AppStore|iPhone
		{D7110B2E-82DE-4562-B8F4-178EE5A81A39}.AppStore|x86.Deploy.0 = AppStore|iPhone
		{D7110B2E-82DE-4562-B8F4-178EE5A81A39}.Debug|Any CPU.ActiveCfg = Debug|iPhoneSimulator
		{D7110B2E-82DE-4562-B8F4-178EE5A81A39}.Debug|Any CPU.Build.0 = Debug|iPhoneSimulator
		{D7110B2E-82DE-4562-B8F4-178EE5A81A39}.Debug|Any CPU.Deploy.0 = Debug|iPhoneSimulator
		{D7110B2E-82DE-4562-B8F4-178EE5A81A39}.Debug|ARM.ActiveCfg = Debug|iPhone
		{D7110B2E-82DE-4562-B8F4-178EE5A81A39}.Debug|ARM.Build.0 = Debug|iPhone
		{D7110B2E-82DE-4562-B8F4-178EE5A81A39}.Debug|ARM.Deploy.0 = Debug|iPhone
		{D7110B2E-82DE-4562-B8F4-178EE5A81A39}.Debug|iPhone.ActiveCfg = Debug|iPhone
		{D7110B2E-82DE-4562-B8F4-178EE5A81A39}.Debug|iPhone.Build.0 = Debug|iPhone
		{D7110B2E-82DE-4562-B8F4-178EE5A81A39}.Debug|iPhone.Deploy.0 = Debug|iPhone
		{D7110B2E-82DE-4562-B8F4-178EE5A81A39}.Debug|iPhoneSimulator.ActiveCfg = Debug|iPhoneSimulator
		{D7110B2E-82DE-4562-B8F4-178EE5A81A39}.Debug|iPhoneSimulator.Build.0 = Debug|iPhoneSimulator
		{D7110B2E-82DE-4562-B8F4-178EE5A81A39}.Debug|iPhoneSimulator.Deploy.0 = Debug|iPhoneSimulator
		{D7110B2E-82DE-4562-B8F4-178EE5A81A39}.Debug|x64.ActiveCfg = Debug|iPhone
		{D7110B2E-82DE-4562-B8F4-178EE5A81A39}.Debug|x64.Build.0 = Debug|iPhone
		{D7110B2E-82DE-4562-B8F4-178EE5A81A39}.Debug|x64.Deploy.0 = Debug|iPhone
		{D7110B2E-82DE-4562-B8F4-178EE5A81A39}.Debug|x86.ActiveCfg = Debug|iPhone
		{D7110B2E-82DE-4562-B8F4-178EE5A81A39}.Debug|x86.Build.0 = Debug|iPhone
		{D7110B2E-82DE-4562-B8F4-178EE5A81A39}.Debug|x86.Deploy.0 = Debug|iPhone
		{D7110B2E-82DE-4562-B8F4-178EE5A81A39}.Release|Any CPU.ActiveCfg = Release|iPhone
		{D7110B2E-82DE-4562-B8F4-178EE5A81A39}.Release|Any CPU.Build.0 = Release|iPhone
		{D7110B2E-82DE-4562-B8F4-178EE5A81A39}.Release|Any CPU.Deploy.0 = Release|iPhone
		{D7110B2E-82DE-4562-B8F4-178EE5A81A39}.Release|ARM.ActiveCfg = Release|iPhone
		{D7110B2E-82DE-4562-B8F4-178EE5A81A39}.Release|ARM.Build.0 = Release|iPhone
		{D7110B2E-82DE-4562-B8F4-178EE5A81A39}.Release|ARM.Deploy.0 = Release|iPhone
		{D7110B2E-82DE-4562-B8F4-178EE5A81A39}.Release|iPhone.ActiveCfg = Release|iPhone
		{D7110B2E-82DE-4562-B8F4-178EE5A81A39}.Release|iPhone.Build.0 = Release|iPhone
		{D7110B2E-82DE-4562-B8F4-178EE5A81A39}.Release|iPhone.Deploy.0 = Release|iPhone
		{D7110B2E-82DE-4562-B8F4-178EE5A81A39}.Release|iPhoneSimulator.ActiveCfg = Release|iPhoneSimulator
		{D7110B2E-82DE-4562-B8F4-178EE5A81A39}.Release|iPhoneSimulator.Build.0 = Release|iPhoneSimulator
		{D7110B2E-82DE-4562-B8F4-178EE5A81A39}.Release|iPhoneSimulator.Deploy.0 = Release|iPhoneSimulator
		{D7110B2E-82DE-4562-B8F4-178EE5A81A39}.Release|x64.ActiveCfg = Release|iPhone
		{D7110B2E-82DE-4562-B8F4-178EE5A81A39}.Release|x64.Build.0 = Release|iPhone
		{D7110B2E-82DE-4562-B8F4-178EE5A81A39}.Release|x64.Deploy.0 = Release|iPhone
		{D7110B2E-82DE-4562-B8F4-178EE5A81A39}.Release|x86.ActiveCfg = Release|iPhone
		{D7110B2E-82DE-4562-B8F4-178EE5A81A39}.Release|x86.Build.0 = Release|iPhone
		{D7110B2E-82DE-4562-B8F4-178EE5A81A39}.Release|x86.Deploy.0 = Release|iPhone
		{72D04842-B92E-412A-9F9E-9BB4BC183006}.Ad-Hoc|Any CPU.ActiveCfg = Release|x86
		{72D04842-B92E-412A-9F9E-9BB4BC183006}.Ad-Hoc|Any CPU.Build.0 = Release|x86
		{72D04842-B92E-412A-9F9E-9BB4BC183006}.Ad-Hoc|Any CPU.Deploy.0 = Release|x86
		{72D04842-B92E-412A-9F9E-9BB4BC183006}.Ad-Hoc|ARM.ActiveCfg = Release|ARM
		{72D04842-B92E-412A-9F9E-9BB4BC183006}.Ad-Hoc|ARM.Build.0 = Release|ARM
		{72D04842-B92E-412A-9F9E-9BB4BC183006}.Ad-Hoc|ARM.Deploy.0 = Release|ARM
		{72D04842-B92E-412A-9F9E-9BB4BC183006}.Ad-Hoc|iPhone.ActiveCfg = Release|x86
		{72D04842-B92E-412A-9F9E-9BB4BC183006}.Ad-Hoc|iPhone.Build.0 = Release|x86
		{72D04842-B92E-412A-9F9E-9BB4BC183006}.Ad-Hoc|iPhone.Deploy.0 = Release|x86
		{72D04842-B92E-412A-9F9E-9BB4BC183006}.Ad-Hoc|iPhoneSimulator.ActiveCfg = Release|x86
		{72D04842-B92E-412A-9F9E-9BB4BC183006}.Ad-Hoc|iPhoneSimulator.Build.0 = Release|x86
		{72D04842-B92E-412A-9F9E-9BB4BC183006}.Ad-Hoc|iPhoneSimulator.Deploy.0 = Release|x86
		{72D04842-B92E-412A-9F9E-9BB4BC183006}.Ad-Hoc|x64.ActiveCfg = Release|x64
		{72D04842-B92E-412A-9F9E-9BB4BC183006}.Ad-Hoc|x64.Build.0 = Release|x64
		{72D04842-B92E-412A-9F9E-9BB4BC183006}.Ad-Hoc|x64.Deploy.0 = Release|x64
		{72D04842-B92E-412A-9F9E-9BB4BC183006}.Ad-Hoc|x86.ActiveCfg = Release|x86
		{72D04842-B92E-412A-9F9E-9BB4BC183006}.Ad-Hoc|x86.Build.0 = Release|x86
		{72D04842-B92E-412A-9F9E-9BB4BC183006}.Ad-Hoc|x86.Deploy.0 = Release|x86
		{72D04842-B92E-412A-9F9E-9BB4BC183006}.AppStore|Any CPU.ActiveCfg = Release|x86
		{72D04842-B92E-412A-9F9E-9BB4BC183006}.AppStore|Any CPU.Build.0 = Release|x86
		{72D04842-B92E-412A-9F9E-9BB4BC183006}.AppStore|Any CPU.Deploy.0 = Release|x86
		{72D04842-B92E-412A-9F9E-9BB4BC183006}.AppStore|ARM.ActiveCfg = Release|ARM
		{72D04842-B92E-412A-9F9E-9BB4BC183006}.AppStore|ARM.Build.0 = Release|ARM
		{72D04842-B92E-412A-9F9E-9BB4BC183006}.AppStore|ARM.Deploy.0 = Release|ARM
		{72D04842-B92E-412A-9F9E-9BB4BC183006}.AppStore|iPhone.ActiveCfg = Release|x86
		{72D04842-B92E-412A-9F9E-9BB4BC183006}.AppStore|iPhone.Build.0 = Release|x86
		{72D04842-B92E-412A-9F9E-9BB4BC183006}.AppStore|iPhone.Deploy.0 = Release|x86
		{72D04842-B92E-412A-9F9E-9BB4BC183006}.AppStore|iPhoneSimulator.ActiveCfg = Release|x86
		{72D04842-B92E-412A-9F9E-9BB4BC183006}.AppStore|iPhoneSimulator.Build.0 = Release|x86
		{72D04842-B92E-412A-9F9E-9BB4BC183006}.AppStore|iPhoneSimulator.Deploy.0 = Release|x86
		{72D04842-B92E-412A-9F9E-9BB4BC183006}.AppStore|x64.ActiveCfg = Release|x64
		{72D04842-B92E-412A-9F9E-9BB4BC183006}.AppStore|x64.Build.0 = Release|x64
		{72D04842-B92E-412A-9F9E-9BB4BC183006}.AppStore|x64.Deploy.0 = Release|x64
		{72D04842-B92E-412A-9F9E-9BB4BC183006}.AppStore|x86.ActiveCfg = Release|x86
		{72D04842-B92E-412A-9F9E-9BB4BC183006}.AppStore|x86.Build.0 = Release|x86
		{72D04842-B92E-412A-9F9E-9BB4BC183006}.AppStore|x86.Deploy.0 = Release|x86
		{72D04842-B92E-412A-9F9E-9BB4BC183006}.Debug|Any CPU.ActiveCfg = Debug|x86
		{72D04842-B92E-412A-9F9E-9BB4BC183006}.Debug|Any CPU.Build.0 = Debug|x86
		{72D04842-B92E-412A-9F9E-9BB4BC183006}.Debug|Any CPU.Deploy.0 = Debug|x86
		{72D04842-B92E-412A-9F9E-9BB4BC183006}.Debug|ARM.ActiveCfg = Debug|ARM
		{72D04842-B92E-412A-9F9E-9BB4BC183006}.Debug|ARM.Build.0 = Debug|ARM
		{72D04842-B92E-412A-9F9E-9BB4BC183006}.Debug|ARM.Deploy.0 = Debug|ARM
		{72D04842-B92E-412A-9F9E-9BB4BC183006}.Debug|iPhone.ActiveCfg = Debug|x86
		{72D04842-B92E-412A-9F9E-9BB4BC183006}.Debug|iPhone.Build.0 = Debug|x86
		{72D04842-B92E-412A-9F9E-9BB4BC183006}.Debug|iPhone.Deploy.0 = Debug|x86
		{72D04842-B92E-412A-9F9E-9BB4BC183006}.Debug|iPhoneSimulator.ActiveCfg = Debug|x86
		{72D04842-B92E-412A-9F9E-9BB4BC183006}.Debug|iPhoneSimulator.Build.0 = Debug|x86
		{72D04842-B92E-412A-9F9E-9BB4BC183006}.Debug|iPhoneSimulator.Deploy.0 = Debug|x86
		{72D04842-B92E-412A-9F9E-9BB4BC183006}.Debug|x64.ActiveCfg = Debug|x64
		{72D04842-B92E-412A-9F9E-9BB4BC183006}.Debug|x64.Build.0 = Debug|x64
		{72D04842-B92E-412A-9F9E-9BB4BC183006}.Debug|x64.Deploy.0 = Debug|x64
		{72D04842-B92E-412A-9F9E-9BB4BC183006}.Debug|x86.ActiveCfg = Debug|x86
		{72D04842-B92E-412A-9F9E-9BB4BC183006}.Debug|x86.Build.0 = Debug|x86
		{72D04842-B92E-412A-9F9E-9BB4BC183006}.Debug|x86.Deploy.0 = Debug|x86
		{72D04842-B92E-412A-9F9E-9BB4BC183006}.Release|Any CPU.ActiveCfg = Release|x86
		{72D04842-B92E-412A-9F9E-9BB4BC183006}.Release|Any CPU.Build.0 = Release|x86
		{72D04842-B92E-412A-9F9E-9BB4BC183006}.Release|Any CPU.Deploy.0 = Release|x86
		{72D04842-B92E-412A-9F9E-9BB4BC183006}.Release|ARM.ActiveCfg = Release|ARM
		{72D04842-B92E-412A-9F9E-9BB4BC183006}.Release|ARM.Build.0 = Release|ARM
		{72D04842-B92E-412A-9F9E-9BB4BC183006}.Release|ARM.Deploy.0 = Release|ARM
		{72D04842-B92E-412A-9F9E-9BB4BC183006}.Release|iPhone.ActiveCfg = Release|x86
		{72D04842-B92E-412A-9F9E-9BB4BC183006}.Release|iPhone.Build.0 = Release|x86
		{72D04842-B92E-412A-9F9E-9BB4BC183006}.Release|iPhone.Deploy.0 = Release|x86
		{72D04842-B92E-412A-9F9E-9BB4BC183006}.Release|iPhoneSimulator.ActiveCfg = Release|x86
		{72D04842-B92E-412A-9F9E-9BB4BC183006}.Release|iPhoneSimulator.Build.0 = Release|x86
		{72D04842-B92E-412A-9F9E-9BB4BC183006}.Release|iPhoneSimulator.Deploy.0 = Release|x86
		{72D04842-B92E-412A-9F9E-9BB4BC183006}.Release|x64.ActiveCfg = Release|x64
		{72D04842-B92E-412A-9F9E-9BB4BC183006}.Release|x64.Build.0 = Release|x64
		{72D04842-B92E-412A-9F9E-9BB4BC183006}.Release|x64.Deploy.0 = Release|x64
		{72D04842-B92E-412A-9F9E-9BB4BC183006}.Release|x86.ActiveCfg = Release|x86
		{72D04842-B92E-412A-9F9E-9BB4BC183006}.Release|x86.Build.0 = Release|x86
		{72D04842-B92E-412A-9F9E-9BB4BC183006}.Release|x86.Deploy.0 = Release|x86
		{1C0E02B9-895E-4622-B97D-5803828F284D}.Ad-Hoc|Any CPU.ActiveCfg = Debug|Any CPU
		{1C0E02B9-895E-4622-B97D-5803828F284D}.Ad-Hoc|Any CPU.Build.0 = Debug|Any CPU
		{1C0E02B9-895E-4622-B97D-5803828F284D}.Ad-Hoc|Any CPU.Deploy.0 = Debug|Any CPU
		{1C0E02B9-895E-4622-B97D-5803828F284D}.Ad-Hoc|ARM.ActiveCfg = Debug|Any CPU
		{1C0E02B9-895E-4622-B97D-5803828F284D}.Ad-Hoc|ARM.Build.0 = Debug|Any CPU
		{1C0E02B9-895E-4622-B97D-5803828F284D}.Ad-Hoc|ARM.Deploy.0 = Debug|Any CPU
		{1C0E02B9-895E-4622-B97D-5803828F284D}.Ad-Hoc|iPhone.ActiveCfg = Debug|Any CPU
		{1C0E02B9-895E-4622-B97D-5803828F284D}.Ad-Hoc|iPhone.Build.0 = Debug|Any CPU
		{1C0E02B9-895E-4622-B97D-5803828F284D}.Ad-Hoc|iPhone.Deploy.0 = Debug|Any CPU
		{1C0E02B9-895E-4622-B97D-5803828F284D}.Ad-Hoc|iPhoneSimulator.ActiveCfg = Debug|Any CPU
		{1C0E02B9-895E-4622-B97D-5803828F284D}.Ad-Hoc|iPhoneSimulator.Build.0 = Debug|Any CPU
		{1C0E02B9-895E-4622-B97D-5803828F284D}.Ad-Hoc|iPhoneSimulator.Deploy.0 = Debug|Any CPU
		{1C0E02B9-895E-4622-B97D-5803828F284D}.Ad-Hoc|x64.ActiveCfg = Debug|Any CPU
		{1C0E02B9-895E-4622-B97D-5803828F284D}.Ad-Hoc|x64.Build.0 = Debug|Any CPU
		{1C0E02B9-895E-4622-B97D-5803828F284D}.Ad-Hoc|x64.Deploy.0 = Debug|Any CPU
		{1C0E02B9-895E-4622-B97D-5803828F284D}.Ad-Hoc|x86.ActiveCfg = Debug|Any CPU
		{1C0E02B9-895E-4622-B97D-5803828F284D}.Ad-Hoc|x86.Build.0 = Debug|Any CPU
		{1C0E02B9-895E-4622-B97D-5803828F284D}.Ad-Hoc|x86.Deploy.0 = Debug|Any CPU
		{1C0E02B9-895E-4622-B97D-5803828F284D}.AppStore|Any CPU.ActiveCfg = Debug|Any CPU
		{1C0E02B9-895E-4622-B97D-5803828F284D}.AppStore|Any CPU.Build.0 = Debug|Any CPU
		{1C0E02B9-895E-4622-B97D-5803828F284D}.AppStore|Any CPU.Deploy.0 = Debug|Any CPU
		{1C0E02B9-895E-4622-B97D-5803828F284D}.AppStore|ARM.ActiveCfg = Debug|Any CPU
		{1C0E02B9-895E-4622-B97D-5803828F284D}.AppStore|ARM.Build.0 = Debug|Any CPU
		{1C0E02B9-895E-4622-B97D-5803828F284D}.AppStore|ARM.Deploy.0 = Debug|Any CPU
		{1C0E02B9-895E-4622-B97D-5803828F284D}.AppStore|iPhone.ActiveCfg = Debug|Any CPU
		{1C0E02B9-895E-4622-B97D-5803828F284D}.AppStore|iPhone.Build.0 = Debug|Any CPU
		{1C0E02B9-895E-4622-B97D-5803828F284D}.AppStore|iPhone.Deploy.0 = Debug|Any CPU
		{1C0E02B9-895E-4622-B97D-5803828F284D}.AppStore|iPhoneSimulator.ActiveCfg = Debug|Any CPU
		{1C0E02B9-895E-4622-B97D-5803828F284D}.AppStore|iPhoneSimulator.Build.0 = Debug|Any CPU
		{1C0E02B9-895E-4622-B97D-5803828F284D}.AppStore|iPhoneSimulator.Deploy.0 = Debug|Any CPU
		{1C0E02B9-895E-4622-B97D-5803828F284D}.AppStore|x64.ActiveCfg = Debug|Any CPU
		{1C0E02B9-895E-4622-B97D-5803828F284D}.AppStore|x64.Build.0 = Debug|Any CPU
		{1C0E02B9-895E-4622-B97D-5803828F284D}.AppStore|x64.Deploy.0 = Debug|Any CPU
		{1C0E02B9-895E-4622-B97D-5803828F284D}.AppStore|x86.ActiveCfg = Debug|Any CPU
		{1C0E02B9-895E-4622-B97D-5803828F284D}.AppStore|x86.Build.0 = Debug|Any CPU
		{1C0E02B9-895E-4622-B97D-5803828F284D}.AppStore|x86.Deploy.0 = Debug|Any CPU
		{1C0E02B9-895E-4622-B97D-5803828F284D}.Debug|Any CPU.ActiveCfg = Debug|Any CPU
		{1C0E02B9-895E-4622-B97D-5803828F284D}.Debug|Any CPU.Build.0 = Debug|Any CPU
		{1C0E02B9-895E-4622-B97D-5803828F284D}.Debug|Any CPU.Deploy.0 = Debug|Any CPU
		{1C0E02B9-895E-4622-B97D-5803828F284D}.Debug|ARM.ActiveCfg = Debug|Any CPU
		{1C0E02B9-895E-4622-B97D-5803828F284D}.Debug|ARM.Build.0 = Debug|Any CPU
		{1C0E02B9-895E-4622-B97D-5803828F284D}.Debug|ARM.Deploy.0 = Debug|Any CPU
		{1C0E02B9-895E-4622-B97D-5803828F284D}.Debug|iPhone.ActiveCfg = Debug|Any CPU
		{1C0E02B9-895E-4622-B97D-5803828F284D}.Debug|iPhone.Build.0 = Debug|Any CPU
		{1C0E02B9-895E-4622-B97D-5803828F284D}.Debug|iPhone.Deploy.0 = Debug|Any CPU
		{1C0E02B9-895E-4622-B97D-5803828F284D}.Debug|iPhoneSimulator.ActiveCfg = Debug|Any CPU
		{1C0E02B9-895E-4622-B97D-5803828F284D}.Debug|iPhoneSimulator.Build.0 = Debug|Any CPU
		{1C0E02B9-895E-4622-B97D-5803828F284D}.Debug|iPhoneSimulator.Deploy.0 = Debug|Any CPU
		{1C0E02B9-895E-4622-B97D-5803828F284D}.Debug|x64.ActiveCfg = Debug|Any CPU
		{1C0E02B9-895E-4622-B97D-5803828F284D}.Debug|x64.Build.0 = Debug|Any CPU
		{1C0E02B9-895E-4622-B97D-5803828F284D}.Debug|x64.Deploy.0 = Debug|Any CPU
		{1C0E02B9-895E-4622-B97D-5803828F284D}.Debug|x86.ActiveCfg = Debug|Any CPU
		{1C0E02B9-895E-4622-B97D-5803828F284D}.Debug|x86.Build.0 = Debug|Any CPU
		{1C0E02B9-895E-4622-B97D-5803828F284D}.Debug|x86.Deploy.0 = Debug|Any CPU
		{1C0E02B9-895E-4622-B97D-5803828F284D}.Release|Any CPU.ActiveCfg = Release|Any CPU
		{1C0E02B9-895E-4622-B97D-5803828F284D}.Release|Any CPU.Build.0 = Release|Any CPU
		{1C0E02B9-895E-4622-B97D-5803828F284D}.Release|Any CPU.Deploy.0 = Release|Any CPU
		{1C0E02B9-895E-4622-B97D-5803828F284D}.Release|ARM.ActiveCfg = Release|Any CPU
		{1C0E02B9-895E-4622-B97D-5803828F284D}.Release|ARM.Build.0 = Release|Any CPU
		{1C0E02B9-895E-4622-B97D-5803828F284D}.Release|ARM.Deploy.0 = Release|Any CPU
		{1C0E02B9-895E-4622-B97D-5803828F284D}.Release|iPhone.ActiveCfg = Release|Any CPU
		{1C0E02B9-895E-4622-B97D-5803828F284D}.Release|iPhone.Build.0 = Release|Any CPU
		{1C0E02B9-895E-4622-B97D-5803828F284D}.Release|iPhone.Deploy.0 = Release|Any CPU
		{1C0E02B9-895E-4622-B97D-5803828F284D}.Release|iPhoneSimulator.ActiveCfg = Release|Any CPU
		{1C0E02B9-895E-4622-B97D-5803828F284D}.Release|iPhoneSimulator.Build.0 = Release|Any CPU
		{1C0E02B9-895E-4622-B97D-5803828F284D}.Release|iPhoneSimulator.Deploy.0 = Release|Any CPU
		{1C0E02B9-895E-4622-B97D-5803828F284D}.Release|x64.ActiveCfg = Release|Any CPU
		{1C0E02B9-895E-4622-B97D-5803828F284D}.Release|x64.Build.0 = Release|Any CPU
		{1C0E02B9-895E-4622-B97D-5803828F284D}.Release|x64.Deploy.0 = Release|Any CPU
		{1C0E02B9-895E-4622-B97D-5803828F284D}.Release|x86.ActiveCfg = Release|Any CPU
		{1C0E02B9-895E-4622-B97D-5803828F284D}.Release|x86.Build.0 = Release|Any CPU
		{1C0E02B9-895E-4622-B97D-5803828F284D}.Release|x86.Deploy.0 = Release|Any CPU
	EndGlobalSection
	GlobalSection(SolutionProperties) = preSolution
		HideSolutionNode = FALSE
	EndGlobalSection
	GlobalSection(ExtensibilityGlobals) = postSolution
		SolutionGuid = {C5B88CDA-A223-4E49-AE00-67B7BB1AC3EC}
	EndGlobalSection
EndGlobal
